
Microsoft Visual Studio Solution File, Format Version 12.00
# Visual Studio 2017
Project("{FAE04EC0-301F-11D3-BF4B-00C04F79EFBC}") = "bubbleFlow", "bubbleFlow.csproj", "{104A7A56-88B1-A329-F0F4-A163405AC066}"
EndProject
Global
	GlobalSection(SolutionConfigurationPlatforms) = preSolution
		Debug|Any CPU = Debug|Any CPU
		Release|Any CPU = Release|Any CPU
	EndGlobalSection
	GlobalSection(ProjectConfigurationPlatforms) = postSolution
		{104A7A56-88B1-A329-F0F4-A163405AC066}.Debug|Any CPU.ActiveCfg = Debug|Any CPU
		{104A7A56-88B1-A329-F0F4-A163405AC066}.Debug|Any CPU.Build.0 = Debug|Any CPU
		{104A7A56-88B1-A329-F0F4-A163405AC066}.Release|Any CPU.ActiveCfg = Release|Any CPU
		{104A7A56-88B1-A329-F0F4-A163405AC066}.Release|Any CPU.Build.0 = Release|Any CPU
	EndGlobalSection
	GlobalSection(SolutionProperties) = preSolution
		HideSolutionNode = FALSE
	EndGlobalSection
EndGlobal
